// !$*UTF8*$!
{
	archiveVersion = 1;
	classes = {
	};
	objectVersion = 50;
	objects = {

/* Begin PBXBuildFile section */
		FA888D4B24CAEAD2009236F3 /* Spinning.swift in Sources */ = {isa = PBXBuildFile; fileRef = FA888D4A24CAEAD1009236F3 /* Spinning.swift */; };
		FA888D4D24CAF1E3009236F3 /* PaletteChooser.swift in Sources */ = {isa = PBXBuildFile; fileRef = FA888D4C24CAF1E3009236F3 /* PaletteChooser.swift */; };
		FA888D4F24CAF3A6009236F3 /* EmojiArtDocument+Palette.swift in Sources */ = {isa = PBXBuildFile; fileRef = FA888D4E24CAF3A6009236F3 /* EmojiArtDocument+Palette.swift */; };
		FA9CCF4924CC723300278788 /* Grid.swift in Sources */ = {isa = PBXBuildFile; fileRef = FA9CCF4824CC723300278788 /* Grid.swift */; };
		FA9CCF4B24CC724400278788 /* GridLayout.swift in Sources */ = {isa = PBXBuildFile; fileRef = FA9CCF4A24CC724400278788 /* GridLayout.swift */; };
		FA9CCF4D24CC758900278788 /* EmojiArtDocumentStore.swift in Sources */ = {isa = PBXBuildFile; fileRef = FA9CCF4C24CC758900278788 /* EmojiArtDocumentStore.swift */; };
		FA9CCF4F24CC77B100278788 /* EmojiArtDocumentChooser.swift in Sources */ = {isa = PBXBuildFile; fileRef = FA9CCF4E24CC77B100278788 /* EmojiArtDocumentChooser.swift */; };
		FA9CCF5124CC77EB00278788 /* EditableText.swift in Sources */ = {isa = PBXBuildFile; fileRef = FA9CCF5024CC77EB00278788 /* EditableText.swift */; };
		FAC1C55424C6D4F60024B08B /* AppDelegate.swift in Sources */ = {isa = PBXBuildFile; fileRef = FAC1C55324C6D4F60024B08B /* AppDelegate.swift */; };
		FAC1C55624C6D4F60024B08B /* SceneDelegate.swift in Sources */ = {isa = PBXBuildFile; fileRef = FAC1C55524C6D4F60024B08B /* SceneDelegate.swift */; };
		FAC1C55824C6D4F60024B08B /* EmojiArtDocumentView.swift in Sources */ = {isa = PBXBuildFile; fileRef = FAC1C55724C6D4F60024B08B /* EmojiArtDocumentView.swift */; };
		FAC1C55A24C6D4F90024B08B /* Assets.xcassets in Resources */ = {isa = PBXBuildFile; fileRef = FAC1C55924C6D4F90024B08B /* Assets.xcassets */; };
		FAC1C55D24C6D4F90024B08B /* Preview Assets.xcassets in Resources */ = {isa = PBXBuildFile; fileRef = FAC1C55C24C6D4F90024B08B /* Preview Assets.xcassets */; };
		FAC1C56024C6D4F90024B08B /* LaunchScreen.storyboard in Resources */ = {isa = PBXBuildFile; fileRef = FAC1C55E24C6D4F90024B08B /* LaunchScreen.storyboard */; };
		FAC1C56824C6D5DB0024B08B /* EmojiArtDocument.swift in Sources */ = {isa = PBXBuildFile; fileRef = FAC1C56724C6D5DB0024B08B /* EmojiArtDocument.swift */; };
		FAC66FDA24C6DBC10000F94D /* EmojiArt.swift in Sources */ = {isa = PBXBuildFile; fileRef = FAC66FD924C6DBC10000F94D /* EmojiArt.swift */; };
		FAC66FDC24C6DF6F0000F94D /* EmojiArtExtensions.swift in Sources */ = {isa = PBXBuildFile; fileRef = FAC66FDB24C6DF6F0000F94D /* EmojiArtExtensions.swift */; };
		FAD6345D24C83438009F929F /* OptionalImage.swift in Sources */ = {isa = PBXBuildFile; fileRef = FAD6345C24C83438009F929F /* OptionalImage.swift */; };
		FAD6345F24C83777009F929F /* AnimatableSystemFontModifier.swift in Sources */ = {isa = PBXBuildFile; fileRef = FAD6345E24C83777009F929F /* AnimatableSystemFontModifier.swift */; };
/* End PBXBuildFile section */

/* Begin PBXFileReference section */
		FA888D4A24CAEAD1009236F3 /* Spinning.swift */ = {isa = PBXFileReference; lastKnownFileType = sourcecode.swift; path = Spinning.swift; sourceTree = "<group>"; };
		FA888D4C24CAF1E3009236F3 /* PaletteChooser.swift */ = {isa = PBXFileReference; lastKnownFileType = sourcecode.swift; path = PaletteChooser.swift; sourceTree = "<group>"; };
		FA888D4E24CAF3A6009236F3 /* EmojiArtDocument+Palette.swift */ = {isa = PBXFileReference; lastKnownFileType = sourcecode.swift; path = "EmojiArtDocument+Palette.swift"; sourceTree = "<group>"; };
		FA9CCF4824CC723300278788 /* Grid.swift */ = {isa = PBXFileReference; lastKnownFileType = sourcecode.swift; path = Grid.swift; sourceTree = "<group>"; };
		FA9CCF4A24CC724400278788 /* GridLayout.swift */ = {isa = PBXFileReference; lastKnownFileType = sourcecode.swift; path = GridLayout.swift; sourceTree = "<group>"; };
		FA9CCF4C24CC758900278788 /* EmojiArtDocumentStore.swift */ = {isa = PBXFileReference; lastKnownFileType = sourcecode.swift; path = EmojiArtDocumentStore.swift; sourceTree = "<group>"; };
		FA9CCF4E24CC77B100278788 /* EmojiArtDocumentChooser.swift */ = {isa = PBXFileReference; lastKnownFileType = sourcecode.swift; path = EmojiArtDocumentChooser.swift; sourceTree = "<group>"; };
		FA9CCF5024CC77EB00278788 /* EditableText.swift */ = {isa = PBXFileReference; lastKnownFileType = sourcecode.swift; path = EditableText.swift; sourceTree = "<group>"; };
		FAC1C55024C6D4F60024B08B /* EmojiArt.app */ = {isa = PBXFileReference; explicitFileType = wrapper.application; includeInIndex = 0; path = EmojiArt.app; sourceTree = BUILT_PRODUCTS_DIR; };
		FAC1C55324C6D4F60024B08B /* AppDelegate.swift */ = {isa = PBXFileReference; lastKnownFileType = sourcecode.swift; path = AppDelegate.swift; sourceTree = "<group>"; };
		FAC1C55524C6D4F60024B08B /* SceneDelegate.swift */ = {isa = PBXFileReference; lastKnownFileType = sourcecode.swift; path = SceneDelegate.swift; sourceTree = "<group>"; };
		FAC1C55724C6D4F60024B08B /* EmojiArtDocumentView.swift */ = {isa = PBXFileReference; lastKnownFileType = sourcecode.swift; path = EmojiArtDocumentView.swift; sourceTree = "<group>"; };
		FAC1C55924C6D4F90024B08B /* Assets.xcassets */ = {isa = PBXFileReference; lastKnownFileType = folder.assetcatalog; path = Assets.xcassets; sourceTree = "<group>"; };
		FAC1C55C24C6D4F90024B08B /* Preview Assets.xcassets */ = {isa = PBXFileReference; lastKnownFileType = folder.assetcatalog; path = "Preview Assets.xcassets"; sourceTree = "<group>"; };
		FAC1C55F24C6D4F90024B08B /* Base */ = {isa = PBXFileReference; lastKnownFileType = file.storyboard; name = Base; path = Base.lproj/LaunchScreen.storyboard; sourceTree = "<group>"; };
		FAC1C56124C6D4F90024B08B /* Info.plist */ = {isa = PBXFileReference; lastKnownFileType = text.plist.xml; path = Info.plist; sourceTree = "<group>"; };
		FAC1C56724C6D5DB0024B08B /* EmojiArtDocument.swift */ = {isa = PBXFileReference; lastKnownFileType = sourcecode.swift; path = EmojiArtDocument.swift; sourceTree = "<group>"; };
		FAC66FD924C6DBC10000F94D /* EmojiArt.swift */ = {isa = PBXFileReference; lastKnownFileType = sourcecode.swift; path = EmojiArt.swift; sourceTree = "<group>"; };
		FAC66FDB24C6DF6F0000F94D /* EmojiArtExtensions.swift */ = {isa = PBXFileReference; lastKnownFileType = sourcecode.swift; path = EmojiArtExtensions.swift; sourceTree = "<group>"; };
		FAD6345C24C83438009F929F /* OptionalImage.swift */ = {isa = PBXFileReference; lastKnownFileType = sourcecode.swift; path = OptionalImage.swift; sourceTree = "<group>"; };
		FAD6345E24C83777009F929F /* AnimatableSystemFontModifier.swift */ = {isa = PBXFileReference; lastKnownFileType = sourcecode.swift; path = AnimatableSystemFontModifier.swift; sourceTree = "<group>"; };
/* End PBXFileReference section */

/* Begin PBXFrameworksBuildPhase section */
		FAC1C54D24C6D4F60024B08B /* Frameworks */ = {
			isa = PBXFrameworksBuildPhase;
			buildActionMask = 2147483647;
			files = (
			);
			runOnlyForDeploymentPostprocessing = 0;
		};
/* End PBXFrameworksBuildPhase section */

/* Begin PBXGroup section */
		FAC1C54724C6D4F50024B08B = {
			isa = PBXGroup;
			children = (
				FAC1C55224C6D4F60024B08B /* EmojiArt */,
				FAC1C55124C6D4F60024B08B /* Products */,
			);
			sourceTree = "<group>";
		};
		FAC1C55124C6D4F60024B08B /* Products */ = {
			isa = PBXGroup;
			children = (
				FAC1C55024C6D4F60024B08B /* EmojiArt.app */,
			);
			name = Products;
			sourceTree = "<group>";
		};
		FAC1C55224C6D4F60024B08B /* EmojiArt */ = {
			isa = PBXGroup;
			children = (
				FAC66FD924C6DBC10000F94D /* EmojiArt.swift */,
				FAC1C56724C6D5DB0024B08B /* EmojiArtDocument.swift */,
				FA9CCF4C24CC758900278788 /* EmojiArtDocumentStore.swift */,
				FA9CCF4E24CC77B100278788 /* EmojiArtDocumentChooser.swift */,
				FA888D4C24CAF1E3009236F3 /* PaletteChooser.swift */,
				FAC1C55724C6D4F60024B08B /* EmojiArtDocumentView.swift */,
				FA888D4E24CAF3A6009236F3 /* EmojiArtDocument+Palette.swift */,
				FA888D4A24CAEAD1009236F3 /* Spinning.swift */,
				FA9CCF5024CC77EB00278788 /* EditableText.swift */,
				FAD6345C24C83438009F929F /* OptionalImage.swift */,
				FAD6345E24C83777009F929F /* AnimatableSystemFontModifier.swift */,
				FAC66FDB24C6DF6F0000F94D /* EmojiArtExtensions.swift */,
				FAC1C55324C6D4F60024B08B /* AppDelegate.swift */,
				FAC1C55524C6D4F60024B08B /* SceneDelegate.swift */,
				FA9CCF4824CC723300278788 /* Grid.swift */,
				FA9CCF4A24CC724400278788 /* GridLayout.swift */,
				FAC1C55924C6D4F90024B08B /* Assets.xcassets */,
				FAC1C55E24C6D4F90024B08B /* LaunchScreen.storyboard */,
				FAC1C56124C6D4F90024B08B /* Info.plist */,
				FAC1C55B24C6D4F90024B08B /* Preview Content */,
			);
			path = EmojiArt;
			sourceTree = "<group>";
		};
		FAC1C55B24C6D4F90024B08B /* Preview Content */ = {
			isa = PBXGroup;
			children = (
				FAC1C55C24C6D4F90024B08B /* Preview Assets.xcassets */,
			);
			path = "Preview Content";
			sourceTree = "<group>";
		};
/* End PBXGroup section */

/* Begin PBXNativeTarget section */
		FAC1C54F24C6D4F60024B08B /* EmojiArt */ = {
			isa = PBXNativeTarget;
			buildConfigurationList = FAC1C56424C6D4F90024B08B /* Build configuration list for PBXNativeTarget "EmojiArt" */;
			buildPhases = (
				FAC1C54C24C6D4F60024B08B /* Sources */,
				FAC1C54D24C6D4F60024B08B /* Frameworks */,
				FAC1C54E24C6D4F60024B08B /* Resources */,
			);
			buildRules = (
			);
			dependencies = (
			);
			name = EmojiArt;
			productName = EmojiArt;
			productReference = FAC1C55024C6D4F60024B08B /* EmojiArt.app */;
			productType = "com.apple.product-type.application";
		};
/* End PBXNativeTarget section */

/* Begin PBXProject section */
		FAC1C54824C6D4F50024B08B /* Project object */ = {
			isa = PBXProject;
			attributes = {
				LastSwiftUpdateCheck = 1160;
				LastUpgradeCheck = 1160;
				ORGANIZATIONNAME = "Yasin Şükrü Tan";
				TargetAttributes = {
					FAC1C54F24C6D4F60024B08B = {
						CreatedOnToolsVersion = 11.6;
					};
				};
			};
			buildConfigurationList = FAC1C54B24C6D4F50024B08B /* Build configuration list for PBXProject "EmojiArt" */;
			compatibilityVersion = "Xcode 9.3";
			developmentRegion = en;
			hasScannedForEncodings = 0;
			knownRegions = (
				en,
				Base,
			);
			mainGroup = FAC1C54724C6D4F50024B08B;
			productRefGroup = FAC1C55124C6D4F60024B08B /* Products */;
			projectDirPath = "";
			projectRoot = "";
			targets = (
				FAC1C54F24C6D4F60024B08B /* EmojiArt */,
			);
		};
/* End PBXProject section */

/* Begin PBXResourcesBuildPhase section */
		FAC1C54E24C6D4F60024B08B /* Resources */ = {
			isa = PBXResourcesBuildPhase;
			buildActionMask = 2147483647;
			files = (
				FAC1C56024C6D4F90024B08B /* LaunchScreen.storyboard in Resources */,
				FAC1C55D24C6D4F90024B08B /* Preview Assets.xcassets in Resources */,
				FAC1C55A24C6D4F90024B08B /* Assets.xcassets in Resources */,
			);
			runOnlyForDeploymentPostprocessing = 0;
		};
/* End PBXResourcesBuildPhase section */

/* Begin PBXSourcesBuildPhase section */
		FAC1C54C24C6D4F60024B08B /* Sources */ = {
			isa = PBXSourcesBuildPhase;
			buildActionMask = 2147483647;
			files = (
				FAC1C55424C6D4F60024B08B /* AppDelegate.swift in Sources */,
				FAC1C55624C6D4F60024B08B /* SceneDelegate.swift in Sources */,
				FA888D4F24CAF3A6009236F3 /* EmojiArtDocument+Palette.swift in Sources */,
				FAC66FDC24C6DF6F0000F94D /* EmojiArtExtensions.swift in Sources */,
				FAC66FDA24C6DBC10000F94D /* EmojiArt.swift in Sources */,
				FAC1C55824C6D4F60024B08B /* EmojiArtDocumentView.swift in Sources */,
				FA9CCF4B24CC724400278788 /* GridLayout.swift in Sources */,
				FAD6345D24C83438009F929F /* OptionalImage.swift in Sources */,
				FA888D4B24CAEAD2009236F3 /* Spinning.swift in Sources */,
				FA9CCF4D24CC758900278788 /* EmojiArtDocumentStore.swift in Sources */,
				FAD6345F24C83777009F929F /* AnimatableSystemFontModifier.swift in Sources */,
				FA9CCF4F24CC77B100278788 /* EmojiArtDocumentChooser.swift in Sources */,
				FA9CCF5124CC77EB00278788 /* EditableText.swift in Sources */,
				FAC1C56824C6D5DB0024B08B /* EmojiArtDocument.swift in Sources */,
				FA888D4D24CAF1E3009236F3 /* PaletteChooser.swift in Sources */,
				FA9CCF4924CC723300278788 /* Grid.swift in Sources */,
			);
			runOnlyForDeploymentPostprocessing = 0;
		};
/* End PBXSourcesBuildPhase section */

/* Begin PBXVariantGroup section */
		FAC1C55E24C6D4F90024B08B /* LaunchScreen.storyboard */ = {
			isa = PBXVariantGroup;
			children = (
				FAC1C55F24C6D4F90024B08B /* Base */,
			);
			name = LaunchScreen.storyboard;
			sourceTree = "<group>";
		};
/* End PBXVariantGroup section */

/* Begin XCBuildConfiguration section */
		FAC1C56224C6D4F90024B08B /* Debug */ = {
			isa = XCBuildConfiguration;
			buildSettings = {
				ALWAYS_SEARCH_USER_PATHS = NO;
				CLANG_ANALYZER_NONNULL = YES;
				CLANG_ANALYZER_NUMBER_OBJECT_CONVERSION = YES_AGGRESSIVE;
				CLANG_CXX_LANGUAGE_STANDARD = "gnu++14";
				CLANG_CXX_LIBRARY = "libc++";
				CLANG_ENABLE_MODULES = YES;
				CLANG_ENABLE_OBJC_ARC = YES;
				CLANG_ENABLE_OBJC_WEAK = YES;
				CLANG_WARN_BLOCK_CAPTURE_AUTORELEASING = YES;
				CLANG_WARN_BOOL_CONVERSION = YES;
				CLANG_WARN_COMMA = YES;
				CLANG_WARN_CONSTANT_CONVERSION = YES;
				CLANG_WARN_DEPRECATED_OBJC_IMPLEMENTATIONS = YES;
				CLANG_WARN_DIRECT_OBJC_ISA_USAGE = YES_ERROR;
				CLANG_WARN_DOCUMENTATION_COMMENTS = YES;
				CLANG_WARN_EMPTY_BODY = YES;
				CLANG_WARN_ENUM_CONVERSION = YES;
				CLANG_WARN_INFINITE_RECURSION = YES;
				CLANG_WARN_INT_CONVERSION = YES;
				CLANG_WARN_NON_LITERAL_NULL_CONVERSION = YES;
				CLANG_WARN_OBJC_IMPLICIT_RETAIN_SELF = YES;
				CLANG_WARN_OBJC_LITERAL_CONVERSION = YES;
				CLANG_WARN_OBJC_ROOT_CLASS = YES_ERROR;
				CLANG_WARN_RANGE_LOOP_ANALYSIS = YES;
				CLANG_WARN_STRICT_PROTOTYPES = YES;
				CLANG_WARN_SUSPICIOUS_MOVE = YES;
				CLANG_WARN_UNGUARDED_AVAILABILITY = YES_AGGRESSIVE;
				CLANG_WARN_UNREACHABLE_CODE = YES;
				CLANG_WARN__DUPLICATE_METHOD_MATCH = YES;
				COPY_PHASE_STRIP = NO;
				DEBUG_INFORMATION_FORMAT = dwarf;
				ENABLE_STRICT_OBJC_MSGSEND = YES;
				ENABLE_TESTABILITY = YES;
				GCC_C_LANGUAGE_STANDARD = gnu11;
				GCC_DYNAMIC_NO_PIC = NO;
				GCC_NO_COMMON_BLOCKS = YES;
				GCC_OPTIMIZATION_LEVEL = 0;
				GCC_PREPROCESSOR_DEFINITIONS = (
					"DEBUG=1",
					"$(inherited)",
				);
				GCC_WARN_64_TO_32_BIT_CONVERSION = YES;
				GCC_WARN_ABOUT_RETURN_TYPE = YES_ERROR;
				GCC_WARN_UNDECLARED_SELECTOR = YES;
				GCC_WARN_UNINITIALIZED_AUTOS = YES_AGGRESSIVE;
				GCC_WARN_UNUSED_FUNCTION = YES;
				GCC_WARN_UNUSED_VARIABLE = YES;
				IPHONEOS_DEPLOYMENT_TARGET = 13.6;
				MTL_ENABLE_DEBUG_INFO = INCLUDE_SOURCE;
				MTL_FAST_MATH = YES;
				ONLY_ACTIVE_ARCH = YES;
				SDKROOT = iphoneos;
				SWIFT_ACTIVE_COMPILATION_CONDITIONS = DEBUG;
				SWIFT_OPTIMIZATION_LEVEL = "-Onone";
			};
			name = Debug;
		};
		FAC1C56324C6D4F90024B08B /* Release */ = {
			isa = XCBuildConfiguration;
			buildSettings = {
				ALWAYS_SEARCH_USER_PATHS = NO;
				CLANG_ANALYZER_NONNULL = YES;
				CLANG_ANALYZER_NUMBER_OBJECT_CONVERSION = YES_AGGRESSIVE;
				CLANG_CXX_LANGUAGE_STANDARD = "gnu++14";
				CLANG_CXX_LIBRARY = "libc++";
				CLANG_ENABLE_MODULES = YES;
				CLANG_ENABLE_OBJC_ARC = YES;
				CLANG_ENABLE_OBJC_WEAK = YES;
				CLANG_WARN_BLOCK_CAPTURE_AUTORELEASING = YES;
				CLANG_WARN_BOOL_CONVERSION = YES;
				CLANG_WARN_COMMA = YES;
				CLANG_WARN_CONSTANT_CONVERSION = YES;
				CLANG_WARN_DEPRECATED_OBJC_IMPLEMENTATIONS = YES;
				CLANG_WARN_DIRECT_OBJC_ISA_USAGE = YES_ERROR;
				CLANG_WARN_DOCUMENTATION_COMMENTS = YES;
				CLANG_WARN_EMPTY_BODY = YES;
				CLANG_WARN_ENUM_CONVERSION = YES;
				CLANG_WARN_INFINITE_RECURSION = YES;
				CLANG_WARN_INT_CONVERSION = YES;
				CLANG_WARN_NON_LITERAL_NULL_CONVERSION = YES;
				CLANG_WARN_OBJC_IMPLICIT_RETAIN_SELF = YES;
				CLANG_WARN_OBJC_LITERAL_CONVERSION = YES;
				CLANG_WARN_OBJC_ROOT_CLASS = YES_ERROR;
				CLANG_WARN_RANGE_LOOP_ANALYSIS = YES;
				CLANG_WARN_STRICT_PROTOTYPES = YES;
				CLANG_WARN_SUSPICIOUS_MOVE = YES;
				CLANG_WARN_UNGUARDED_AVAILABILITY = YES_AGGRESSIVE;
				CLANG_WARN_UNREACHABLE_CODE = YES;
				CLANG_WARN__DUPLICATE_METHOD_MATCH = YES;
				COPY_PHASE_STRIP = NO;
				DEBUG_INFORMATION_FORMAT = "dwarf-with-dsym";
				ENABLE_NS_ASSERTIONS = NO;
				ENABLE_STRICT_OBJC_MSGSEND = YES;
				GCC_C_LANGUAGE_STANDARD = gnu11;
				GCC_NO_COMMON_BLOCKS = YES;
				GCC_WARN_64_TO_32_BIT_CONVERSION = YES;
				GCC_WARN_ABOUT_RETURN_TYPE = YES_ERROR;
				GCC_WARN_UNDECLARED_SELECTOR = YES;
				GCC_WARN_UNINITIALIZED_AUTOS = YES_AGGRESSIVE;
				GCC_WARN_UNUSED_FUNCTION = YES;
				GCC_WARN_UNUSED_VARIABLE = YES;
				IPHONEOS_DEPLOYMENT_TARGET = 13.6;
				MTL_ENABLE_DEBUG_INFO = NO;
				MTL_FAST_MATH = YES;
				SDKROOT = iphoneos;
				SWIFT_COMPILATION_MODE = wholemodule;
				SWIFT_OPTIMIZATION_LEVEL = "-O";
				VALIDATE_PRODUCT = YES;
			};
			name = Release;
		};
		FAC1C56524C6D4F90024B08B /* Debug */ = {
			isa = XCBuildConfiguration;
			buildSettings = {
				ASSETCATALOG_COMPILER_APPICON_NAME = AppIcon;
				CODE_SIGN_STYLE = Automatic;
				DEVELOPMENT_ASSET_PATHS = "\"EmojiArt/Preview Content\"";
				ENABLE_PREVIEWS = YES;
				INFOPLIST_FILE = EmojiArt/Info.plist;
				LD_RUNPATH_SEARCH_PATHS = (
					"$(inherited)",
					"@executable_path/Frameworks",
				);
				PRODUCT_BUNDLE_IDENTIFIER = co.mobita.ios.EmojiArt;
				PRODUCT_NAME = "$(TARGET_NAME)";
				SWIFT_VERSION = 5.0;
				TARGETED_DEVICE_FAMILY = "1,2";
			};
			name = Debug;
		};
		FAC1C56624C6D4F90024B08B /* Release */ = {
			isa = XCBuildConfiguration;
			buildSettings = {
				ASSETCATALOG_COMPILER_APPICON_NAME = AppIcon;
				CODE_SIGN_STYLE = Automatic;
				DEVELOPMENT_ASSET_PATHS = "\"EmojiArt/Preview Content\"";
				ENABLE_PREVIEWS = YES;
				INFOPLIST_FILE = EmojiArt/Info.plist;
				LD_RUNPATH_SEARCH_PATHS = (
					"$(inherited)",
					"@executable_path/Frameworks",
				);
				PRODUCT_BUNDLE_IDENTIFIER = co.mobita.ios.EmojiArt;
				PRODUCT_NAME = "$(TARGET_NAME)";
				SWIFT_VERSION = 5.0;
				TARGETED_DEVICE_FAMILY = "1,2";
			};
			name = Release;
		};
/* End XCBuildConfiguration section */

/* Begin XCConfigurationList section */
		FAC1C54B24C6D4F50024B08B /* Build configuration list for PBXProject "EmojiArt" */ = {
			isa = XCConfigurationList;
			buildConfigurations = (
				FAC1C56224C6D4F90024B08B /* Debug */,
				FAC1C56324C6D4F90024B08B /* Release */,
			);
			defaultConfigurationIsVisible = 0;
			defaultConfigurationName = Release;
		};
		FAC1C56424C6D4F90024B08B /* Build configuration list for PBXNativeTarget "EmojiArt" */ = {
			isa = XCConfigurationList;
			buildConfigurations = (
				FAC1C56524C6D4F90024B08B /* Debug */,
				FAC1C56624C6D4F90024B08B /* Release */,
			);
			defaultConfigurationIsVisible = 0;
			defaultConfigurationName = Release;
		};
/* End XCConfigurationList section */
	};
	rootObject = FAC1C54824C6D4F50024B08B /* Project object */;
}
