// !$*UTF8*$!
{
	archiveVersion = 1;
	classes = {
	};
	objectVersion = 50;
	objects = {

/* Begin PBXBuildFile section */
		FA8B021B24C34683001393A7 /* Grid.swift in Sources */ = {isa = PBXBuildFile; fileRef = FA8B021A24C34683001393A7 /* Grid.swift */; };
		FA8B021D24C34B68001393A7 /* GridLayout.swift in Sources */ = {isa = PBXBuildFile; fileRef = FA8B021C24C34B68001393A7 /* GridLayout.swift */; };
		FAA613F624BF002D00F17223 /* AppDelegate.swift in Sources */ = {isa = PBXBuildFile; fileRef = FAA613F524BF002D00F17223 /* AppDelegate.swift */; };
		FAA613F824BF002D00F17223 /* SceneDelegate.swift in Sources */ = {isa = PBXBuildFile; fileRef = FAA613F724BF002D00F17223 /* SceneDelegate.swift */; };
		FAA613FA24BF002D00F17223 /* MemorizeGameView.swift in Sources */ = {isa = PBXBuildFile; fileRef = FAA613F924BF002D00F17223 /* MemorizeGameView.swift */; };
		FAA613FC24BF003000F17223 /* Assets.xcassets in Resources */ = {isa = PBXBuildFile; fileRef = FAA613FB24BF003000F17223 /* Assets.xcassets */; };
		FAA613FF24BF003000F17223 /* Preview Assets.xcassets in Resources */ = {isa = PBXBuildFile; fileRef = FAA613FE24BF003000F17223 /* Preview Assets.xcassets */; };
		FAA6140224BF003000F17223 /* LaunchScreen.storyboard in Resources */ = {isa = PBXBuildFile; fileRef = FAA6140024BF003000F17223 /* LaunchScreen.storyboard */; };
		FAA6140A24BF14D000F17223 /* MermoryGame.swift in Sources */ = {isa = PBXBuildFile; fileRef = FAA6140924BF14D000F17223 /* MermoryGame.swift */; };
		FAA6140C24BF167200F17223 /* EmojiMemoryGame.swift in Sources */ = {isa = PBXBuildFile; fileRef = FAA6140B24BF167200F17223 /* EmojiMemoryGame.swift */; };
/* End PBXBuildFile section */

/* Begin PBXFileReference section */
		FA8B021A24C34683001393A7 /* Grid.swift */ = {isa = PBXFileReference; lastKnownFileType = sourcecode.swift; path = Grid.swift; sourceTree = "<group>"; };
		FA8B021C24C34B68001393A7 /* GridLayout.swift */ = {isa = PBXFileReference; lastKnownFileType = sourcecode.swift; path = GridLayout.swift; sourceTree = "<group>"; };
		FAA613F224BF002D00F17223 /* Memorize.app */ = {isa = PBXFileReference; explicitFileType = wrapper.application; includeInIndex = 0; path = Memorize.app; sourceTree = BUILT_PRODUCTS_DIR; };
		FAA613F524BF002D00F17223 /* AppDelegate.swift */ = {isa = PBXFileReference; lastKnownFileType = sourcecode.swift; path = AppDelegate.swift; sourceTree = "<group>"; };
		FAA613F724BF002D00F17223 /* SceneDelegate.swift */ = {isa = PBXFileReference; lastKnownFileType = sourcecode.swift; path = SceneDelegate.swift; sourceTree = "<group>"; };
		FAA613F924BF002D00F17223 /* MemorizeGameView.swift */ = {isa = PBXFileReference; lastKnownFileType = sourcecode.swift; path = MemorizeGameView.swift; sourceTree = "<group>"; };
		FAA613FB24BF003000F17223 /* Assets.xcassets */ = {isa = PBXFileReference; lastKnownFileType = folder.assetcatalog; path = Assets.xcassets; sourceTree = "<group>"; };
		FAA613FE24BF003000F17223 /* Preview Assets.xcassets */ = {isa = PBXFileReference; lastKnownFileType = folder.assetcatalog; path = "Preview Assets.xcassets"; sourceTree = "<group>"; };
		FAA6140124BF003000F17223 /* Base */ = {isa = PBXFileReference; lastKnownFileType = file.storyboard; name = Base; path = Base.lproj/LaunchScreen.storyboard; sourceTree = "<group>"; };
		FAA6140324BF003000F17223 /* Info.plist */ = {isa = PBXFileReference; lastKnownFileType = text.plist.xml; path = Info.plist; sourceTree = "<group>"; };
		FAA6140924BF14D000F17223 /* MermoryGame.swift */ = {isa = PBXFileReference; lastKnownFileType = sourcecode.swift; path = MermoryGame.swift; sourceTree = SOURCE_ROOT; };
		FAA6140B24BF167200F17223 /* EmojiMemoryGame.swift */ = {isa = PBXFileReference; lastKnownFileType = sourcecode.swift; path = EmojiMemoryGame.swift; sourceTree = "<group>"; };
/* End PBXFileReference section */

/* Begin PBXFrameworksBuildPhase section */
		FAA613EF24BF002D00F17223 /* Frameworks */ = {
			isa = PBXFrameworksBuildPhase;
			buildActionMask = 2147483647;
			files = (
			);
			runOnlyForDeploymentPostprocessing = 0;
		};
/* End PBXFrameworksBuildPhase section */

/* Begin PBXGroup section */
		FAA613E924BF002D00F17223 = {
			isa = PBXGroup;
			children = (
				FAA613F424BF002D00F17223 /* Memorize */,
				FAA613F324BF002D00F17223 /* Products */,
			);
			sourceTree = "<group>";
		};
		FAA613F324BF002D00F17223 /* Products */ = {
			isa = PBXGroup;
			children = (
				FAA613F224BF002D00F17223 /* Memorize.app */,
			);
			name = Products;
			sourceTree = "<group>";
		};
		FAA613F424BF002D00F17223 /* Memorize */ = {
			isa = PBXGroup;
			children = (
				FAA6140924BF14D000F17223 /* MermoryGame.swift */,
				FAA6140B24BF167200F17223 /* EmojiMemoryGame.swift */,
				FAA613F524BF002D00F17223 /* AppDelegate.swift */,
				FAA613F724BF002D00F17223 /* SceneDelegate.swift */,
				FAA613F924BF002D00F17223 /* MemorizeGameView.swift */,
				FA8B021A24C34683001393A7 /* Grid.swift */,
				FA8B021C24C34B68001393A7 /* GridLayout.swift */,
				FAA613FB24BF003000F17223 /* Assets.xcassets */,
				FAA6140024BF003000F17223 /* LaunchScreen.storyboard */,
				FAA6140324BF003000F17223 /* Info.plist */,
				FAA613FD24BF003000F17223 /* Preview Content */,
			);
			path = Memorize;
			sourceTree = "<group>";
		};
		FAA613FD24BF003000F17223 /* Preview Content */ = {
			isa = PBXGroup;
			children = (
				FAA613FE24BF003000F17223 /* Preview Assets.xcassets */,
			);
			path = "Preview Content";
			sourceTree = "<group>";
		};
/* End PBXGroup section */

/* Begin PBXNativeTarget section */
		FAA613F124BF002D00F17223 /* Memorize */ = {
			isa = PBXNativeTarget;
			buildConfigurationList = FAA6140624BF003000F17223 /* Build configuration list for PBXNativeTarget "Memorize" */;
			buildPhases = (
				FAA613EE24BF002D00F17223 /* Sources */,
				FAA613EF24BF002D00F17223 /* Frameworks */,
				FAA613F024BF002D00F17223 /* Resources */,
			);
			buildRules = (
			);
			dependencies = (
			);
			name = Memorize;
			productName = Memorize;
			productReference = FAA613F224BF002D00F17223 /* Memorize.app */;
			productType = "com.apple.product-type.application";
		};
/* End PBXNativeTarget section */

/* Begin PBXProject section */
		FAA613EA24BF002D00F17223 /* Project object */ = {
			isa = PBXProject;
			attributes = {
				LastSwiftUpdateCheck = 1140;
				LastUpgradeCheck = 1140;
				ORGANIZATIONNAME = "Yasin Şükrü Tan";
				TargetAttributes = {
					FAA613F124BF002D00F17223 = {
						CreatedOnToolsVersion = 11.4.1;
					};
				};
			};
			buildConfigurationList = FAA613ED24BF002D00F17223 /* Build configuration list for PBXProject "Memorize" */;
			compatibilityVersion = "Xcode 9.3";
			developmentRegion = en;
			hasScannedForEncodings = 0;
			knownRegions = (
				en,
				Base,
			);
			mainGroup = FAA613E924BF002D00F17223;
			productRefGroup = FAA613F324BF002D00F17223 /* Products */;
			projectDirPath = "";
			projectRoot = "";
			targets = (
				FAA613F124BF002D00F17223 /* Memorize */,
			);
		};
/* End PBXProject section */

/* Begin PBXResourcesBuildPhase section */
		FAA613F024BF002D00F17223 /* Resources */ = {
			isa = PBXResourcesBuildPhase;
			buildActionMask = 2147483647;
			files = (
				FAA6140224BF003000F17223 /* LaunchScreen.storyboard in Resources */,
				FAA613FF24BF003000F17223 /* Preview Assets.xcassets in Resources */,
				FAA613FC24BF003000F17223 /* Assets.xcassets in Resources */,
			);
			runOnlyForDeploymentPostprocessing = 0;
		};
/* End PBXResourcesBuildPhase section */

/* Begin PBXSourcesBuildPhase section */
		FAA613EE24BF002D00F17223 /* Sources */ = {
			isa = PBXSourcesBuildPhase;
			buildActionMask = 2147483647;
			files = (
				FAA613F624BF002D00F17223 /* AppDelegate.swift in Sources */,
				FAA6140A24BF14D000F17223 /* MermoryGame.swift in Sources */,
				FAA613F824BF002D00F17223 /* SceneDelegate.swift in Sources */,
				FAA613FA24BF002D00F17223 /* MemorizeGameView.swift in Sources */,
				FAA6140C24BF167200F17223 /* EmojiMemoryGame.swift in Sources */,
				FA8B021D24C34B68001393A7 /* GridLayout.swift in Sources */,
				FA8B021B24C34683001393A7 /* Grid.swift in Sources */,
			);
			runOnlyForDeploymentPostprocessing = 0;
		};
/* End PBXSourcesBuildPhase section */

/* Begin PBXVariantGroup section */
		FAA6140024BF003000F17223 /* LaunchScreen.storyboard */ = {
			isa = PBXVariantGroup;
			children = (
				FAA6140124BF003000F17223 /* Base */,
			);
			name = LaunchScreen.storyboard;
			sourceTree = "<group>";
		};
/* End PBXVariantGroup section */

/* Begin XCBuildConfiguration section */
		FAA6140424BF003000F17223 /* Debug */ = {
			isa = XCBuildConfiguration;
			buildSettings = {
				ALWAYS_SEARCH_USER_PATHS = NO;
				CLANG_ANALYZER_NONNULL = YES;
				CLANG_ANALYZER_NUMBER_OBJECT_CONVERSION = YES_AGGRESSIVE;
				CLANG_CXX_LANGUAGE_STANDARD = "gnu++14";
				CLANG_CXX_LIBRARY = "libc++";
				CLANG_ENABLE_MODULES = YES;
				CLANG_ENABLE_OBJC_ARC = YES;
				CLANG_ENABLE_OBJC_WEAK = YES;
				CLANG_WARN_BLOCK_CAPTURE_AUTORELEASING = YES;
				CLANG_WARN_BOOL_CONVERSION = YES;
				CLANG_WARN_COMMA = YES;
				CLANG_WARN_CONSTANT_CONVERSION = YES;
				CLANG_WARN_DEPRECATED_OBJC_IMPLEMENTATIONS = YES;
				CLANG_WARN_DIRECT_OBJC_ISA_USAGE = YES_ERROR;
				CLANG_WARN_DOCUMENTATION_COMMENTS = YES;
				CLANG_WARN_EMPTY_BODY = YES;
				CLANG_WARN_ENUM_CONVERSION = YES;
				CLANG_WARN_INFINITE_RECURSION = YES;
				CLANG_WARN_INT_CONVERSION = YES;
				CLANG_WARN_NON_LITERAL_NULL_CONVERSION = YES;
				CLANG_WARN_OBJC_IMPLICIT_RETAIN_SELF = YES;
				CLANG_WARN_OBJC_LITERAL_CONVERSION = YES;
				CLANG_WARN_OBJC_ROOT_CLASS = YES_ERROR;
				CLANG_WARN_RANGE_LOOP_ANALYSIS = YES;
				CLANG_WARN_STRICT_PROTOTYPES = YES;
				CLANG_WARN_SUSPICIOUS_MOVE = YES;
				CLANG_WARN_UNGUARDED_AVAILABILITY = YES_AGGRESSIVE;
				CLANG_WARN_UNREACHABLE_CODE = YES;
				CLANG_WARN__DUPLICATE_METHOD_MATCH = YES;
				COPY_PHASE_STRIP = NO;
				DEBUG_INFORMATION_FORMAT = dwarf;
				ENABLE_STRICT_OBJC_MSGSEND = YES;
				ENABLE_TESTABILITY = YES;
				GCC_C_LANGUAGE_STANDARD = gnu11;
				GCC_DYNAMIC_NO_PIC = NO;
				GCC_NO_COMMON_BLOCKS = YES;
				GCC_OPTIMIZATION_LEVEL = 0;
				GCC_PREPROCESSOR_DEFINITIONS = (
					"DEBUG=1",
					"$(inherited)",
				);
				GCC_WARN_64_TO_32_BIT_CONVERSION = YES;
				GCC_WARN_ABOUT_RETURN_TYPE = YES_ERROR;
				GCC_WARN_UNDECLARED_SELECTOR = YES;
				GCC_WARN_UNINITIALIZED_AUTOS = YES_AGGRESSIVE;
				GCC_WARN_UNUSED_FUNCTION = YES;
				GCC_WARN_UNUSED_VARIABLE = YES;
				IPHONEOS_DEPLOYMENT_TARGET = 13.4;
				MTL_ENABLE_DEBUG_INFO = INCLUDE_SOURCE;
				MTL_FAST_MATH = YES;
				ONLY_ACTIVE_ARCH = YES;
				SDKROOT = iphoneos;
				SWIFT_ACTIVE_COMPILATION_CONDITIONS = DEBUG;
				SWIFT_OPTIMIZATION_LEVEL = "-Onone";
			};
			name = Debug;
		};
		FAA6140524BF003000F17223 /* Release */ = {
			isa = XCBuildConfiguration;
			buildSettings = {
				ALWAYS_SEARCH_USER_PATHS = NO;
				CLANG_ANALYZER_NONNULL = YES;
				CLANG_ANALYZER_NUMBER_OBJECT_CONVERSION = YES_AGGRESSIVE;
				CLANG_CXX_LANGUAGE_STANDARD = "gnu++14";
				CLANG_CXX_LIBRARY = "libc++";
				CLANG_ENABLE_MODULES = YES;
				CLANG_ENABLE_OBJC_ARC = YES;
				CLANG_ENABLE_OBJC_WEAK = YES;
				CLANG_WARN_BLOCK_CAPTURE_AUTORELEASING = YES;
				CLANG_WARN_BOOL_CONVERSION = YES;
				CLANG_WARN_COMMA = YES;
				CLANG_WARN_CONSTANT_CONVERSION = YES;
				CLANG_WARN_DEPRECATED_OBJC_IMPLEMENTATIONS = YES;
				CLANG_WARN_DIRECT_OBJC_ISA_USAGE = YES_ERROR;
				CLANG_WARN_DOCUMENTATION_COMMENTS = YES;
				CLANG_WARN_EMPTY_BODY = YES;
				CLANG_WARN_ENUM_CONVERSION = YES;
				CLANG_WARN_INFINITE_RECURSION = YES;
				CLANG_WARN_INT_CONVERSION = YES;
				CLANG_WARN_NON_LITERAL_NULL_CONVERSION = YES;
				CLANG_WARN_OBJC_IMPLICIT_RETAIN_SELF = YES;
				CLANG_WARN_OBJC_LITERAL_CONVERSION = YES;
				CLANG_WARN_OBJC_ROOT_CLASS = YES_ERROR;
				CLANG_WARN_RANGE_LOOP_ANALYSIS = YES;
				CLANG_WARN_STRICT_PROTOTYPES = YES;
				CLANG_WARN_SUSPICIOUS_MOVE = YES;
				CLANG_WARN_UNGUARDED_AVAILABILITY = YES_AGGRESSIVE;
				CLANG_WARN_UNREACHABLE_CODE = YES;
				CLANG_WARN__DUPLICATE_METHOD_MATCH = YES;
				COPY_PHASE_STRIP = NO;
				DEBUG_INFORMATION_FORMAT = "dwarf-with-dsym";
				ENABLE_NS_ASSERTIONS = NO;
				ENABLE_STRICT_OBJC_MSGSEND = YES;
				GCC_C_LANGUAGE_STANDARD = gnu11;
				GCC_NO_COMMON_BLOCKS = YES;
				GCC_WARN_64_TO_32_BIT_CONVERSION = YES;
				GCC_WARN_ABOUT_RETURN_TYPE = YES_ERROR;
				GCC_WARN_UNDECLARED_SELECTOR = YES;
				GCC_WARN_UNINITIALIZED_AUTOS = YES_AGGRESSIVE;
				GCC_WARN_UNUSED_FUNCTION = YES;
				GCC_WARN_UNUSED_VARIABLE = YES;
				IPHONEOS_DEPLOYMENT_TARGET = 13.4;
				MTL_ENABLE_DEBUG_INFO = NO;
				MTL_FAST_MATH = YES;
				SDKROOT = iphoneos;
				SWIFT_COMPILATION_MODE = wholemodule;
				SWIFT_OPTIMIZATION_LEVEL = "-O";
				VALIDATE_PRODUCT = YES;
			};
			name = Release;
		};
		FAA6140724BF003000F17223 /* Debug */ = {
			isa = XCBuildConfiguration;
			buildSettings = {
				ASSETCATALOG_COMPILER_APPICON_NAME = AppIcon;
				CODE_SIGN_STYLE = Automatic;
				DEVELOPMENT_ASSET_PATHS = "\"Memorize/Preview Content\"";
				ENABLE_PREVIEWS = YES;
				INFOPLIST_FILE = Memorize/Info.plist;
				LD_RUNPATH_SEARCH_PATHS = (
					"$(inherited)",
					"@executable_path/Frameworks",
				);
				PRODUCT_BUNDLE_IDENTIFIER = co.mobita.ios.Memorize;
				PRODUCT_NAME = "$(TARGET_NAME)";
				SWIFT_VERSION = 5.0;
				TARGETED_DEVICE_FAMILY = "1,2";
			};
			name = Debug;
		};
		FAA6140824BF003000F17223 /* Release */ = {
			isa = XCBuildConfiguration;
			buildSettings = {
				ASSETCATALOG_COMPILER_APPICON_NAME = AppIcon;
				CODE_SIGN_STYLE = Automatic;
				DEVELOPMENT_ASSET_PATHS = "\"Memorize/Preview Content\"";
				ENABLE_PREVIEWS = YES;
				INFOPLIST_FILE = Memorize/Info.plist;
				LD_RUNPATH_SEARCH_PATHS = (
					"$(inherited)",
					"@executable_path/Frameworks",
				);
				PRODUCT_BUNDLE_IDENTIFIER = co.mobita.ios.Memorize;
				PRODUCT_NAME = "$(TARGET_NAME)";
				SWIFT_VERSION = 5.0;
				TARGETED_DEVICE_FAMILY = "1,2";
			};
			name = Release;
		};
/* End XCBuildConfiguration section */

/* Begin XCConfigurationList section */
		FAA613ED24BF002D00F17223 /* Build configuration list for PBXProject "Memorize" */ = {
			isa = XCConfigurationList;
			buildConfigurations = (
				FAA6140424BF003000F17223 /* Debug */,
				FAA6140524BF003000F17223 /* Release */,
			);
			defaultConfigurationIsVisible = 0;
			defaultConfigurationName = Release;
		};
		FAA6140624BF003000F17223 /* Build configuration list for PBXNativeTarget "Memorize" */ = {
			isa = XCConfigurationList;
			buildConfigurations = (
				FAA6140724BF003000F17223 /* Debug */,
				FAA6140824BF003000F17223 /* Release */,
			);
			defaultConfigurationIsVisible = 0;
			defaultConfigurationName = Release;
		};
/* End XCConfigurationList section */
	};
	rootObject = FAA613EA24BF002D00F17223 /* Project object */;
}
